// !$*UTF8*$!
{
	archiveVersion = 1;
	classes = {
	};
	objectVersion = 52;
	objects = {

/* Begin PBXBuildFile section */
		F6180F71266F9AAC0070E308 /* SnapKit in Frameworks */ = {isa = PBXBuildFile; productRef = F6180F70266F9AAC0070E308 /* SnapKit */; };
		F6180F75266F9B310070E308 /* Alamofire in Frameworks */ = {isa = PBXBuildFile; productRef = F6180F74266F9B310070E308 /* Alamofire */; };
		F6180F79266F9B500070E308 /* Swinject in Frameworks */ = {isa = PBXBuildFile; productRef = F6180F78266F9B500070E308 /* Swinject */; };
		F6180F7D266F9FFE0070E308 /* SearchUI.swift in Sources */ = {isa = PBXBuildFile; fileRef = F6180F7C266F9FFE0070E308 /* SearchUI.swift */; };
		F6180F80266FA0630070E308 /* SearchView.swift in Sources */ = {isa = PBXBuildFile; fileRef = F6180F7F266FA0630070E308 /* SearchView.swift */; };
		F6180F83266FA0A40070E308 /* SearchPresenter.swift in Sources */ = {isa = PBXBuildFile; fileRef = F6180F82266FA0A40070E308 /* SearchPresenter.swift */; };
		F6180F86266FA2860070E308 /* SearchAssembly.swift in Sources */ = {isa = PBXBuildFile; fileRef = F6180F85266FA2860070E308 /* SearchAssembly.swift */; };
		F6180F8A266FA2B60070E308 /* Navigator.swift in Sources */ = {isa = PBXBuildFile; fileRef = F6180F89266FA2B60070E308 /* Navigator.swift */; };
		F6180F90266FA4010070E308 /* ModuleNavigationItem.swift in Sources */ = {isa = PBXBuildFile; fileRef = F6180F8F266FA4010070E308 /* ModuleNavigationItem.swift */; };
		F6180F94266FA5430070E308 /* DefaultStocks.plist in Resources */ = {isa = PBXBuildFile; fileRef = F6180F93266FA5430070E308 /* DefaultStocks.plist */; };
		F6180F98266FAB360070E308 /* StockTableViewCell.swift in Sources */ = {isa = PBXBuildFile; fileRef = F6180F97266FAB360070E308 /* StockTableViewCell.swift */; };
		F6180F9B266FDF650070E308 /* ConfigurationReader.swift in Sources */ = {isa = PBXBuildFile; fileRef = F6180F9A266FDF650070E308 /* ConfigurationReader.swift */; };
		F6180F9E266FE8C20070E308 /* StockCellPresenter.swift in Sources */ = {isa = PBXBuildFile; fileRef = F6180F9D266FE8C20070E308 /* StockCellPresenter.swift */; };
		F61C73B72674FDE700A4A7B6 /* SearchStockCellPresenterState.swift in Sources */ = {isa = PBXBuildFile; fileRef = F61C73B62674FDE700A4A7B6 /* SearchStockCellPresenterState.swift */; };
		F61C73BA2674FF3300A4A7B6 /* TickerDto.swift in Sources */ = {isa = PBXBuildFile; fileRef = F61C73B92674FF3300A4A7B6 /* TickerDto.swift */; };
		F6615D4926734F78005D003D /* RegisterUI.swift in Sources */ = {isa = PBXBuildFile; fileRef = F6615D4826734F78005D003D /* RegisterUI.swift */; };
		F6615D4C26734F92005D003D /* RegisterView.swift in Sources */ = {isa = PBXBuildFile; fileRef = F6615D4B26734F92005D003D /* RegisterView.swift */; };
		F6615D4F26734FBA005D003D /* RegisterPresenter.swift in Sources */ = {isa = PBXBuildFile; fileRef = F6615D4E26734FBA005D003D /* RegisterPresenter.swift */; };
		F6615D5226734FF4005D003D /* RegisterAssembly.swift in Sources */ = {isa = PBXBuildFile; fileRef = F6615D5126734FF4005D003D /* RegisterAssembly.swift */; };
		F6615D55267383D7005D003D /* UserRegisterViewModel.swift in Sources */ = {isa = PBXBuildFile; fileRef = F6615D54267383D7005D003D /* UserRegisterViewModel.swift */; };
		F6615D5926738A67005D003D /* AuthUI.swift in Sources */ = {isa = PBXBuildFile; fileRef = F6615D5826738A67005D003D /* AuthUI.swift */; };
		F6615D5C26738A76005D003D /* AuthView.swift in Sources */ = {isa = PBXBuildFile; fileRef = F6615D5B26738A76005D003D /* AuthView.swift */; };
		F6615D5F26738A86005D003D /* AuthPresenter.swift in Sources */ = {isa = PBXBuildFile; fileRef = F6615D5E26738A86005D003D /* AuthPresenter.swift */; };
		F6615D6226738AAB005D003D /* AuthAssembly.swift in Sources */ = {isa = PBXBuildFile; fileRef = F6615D6126738AAB005D003D /* AuthAssembly.swift */; };
		F6615D6526738BDB005D003D /* UserAuthViewModel.swift in Sources */ = {isa = PBXBuildFile; fileRef = F6615D6426738BDB005D003D /* UserAuthViewModel.swift */; };
		F6615D6C2673C533005D003D /* AuthSecurityService.swift in Sources */ = {isa = PBXBuildFile; fileRef = F6615D6B2673C533005D003D /* AuthSecurityService.swift */; };
		F6615D6F2673C55D005D003D /* KeychainPasswordItem.swift in Sources */ = {isa = PBXBuildFile; fileRef = F6615D6E2673C55D005D003D /* KeychainPasswordItem.swift */; };
		F6615D732673C76E005D003D /* CryptoSwift in Frameworks */ = {isa = PBXBuildFile; productRef = F6615D722673C76E005D003D /* CryptoSwift */; };
		F6615D792673D4A3005D003D /* UserMapper.swift in Sources */ = {isa = PBXBuildFile; fileRef = F6615D782673D4A3005D003D /* UserMapper.swift */; };
		F6615D7C2673DB07005D003D /* StockMapper.swift in Sources */ = {isa = PBXBuildFile; fileRef = F6615D7B2673DB07005D003D /* StockMapper.swift */; };
		F68BA1AF266F71520021CEA1 /* AppDelegate.swift in Sources */ = {isa = PBXBuildFile; fileRef = F68BA1AE266F71520021CEA1 /* AppDelegate.swift */; };
		F68BA1B1266F71520021CEA1 /* SceneDelegate.swift in Sources */ = {isa = PBXBuildFile; fileRef = F68BA1B0266F71520021CEA1 /* SceneDelegate.swift */; };
		F68BA1B8266F71540021CEA1 /* Assets.xcassets in Resources */ = {isa = PBXBuildFile; fileRef = F68BA1B7266F71540021CEA1 /* Assets.xcassets */; };
		F68BA1BB266F71540021CEA1 /* LaunchScreen.storyboard in Resources */ = {isa = PBXBuildFile; fileRef = F68BA1B9266F71540021CEA1 /* LaunchScreen.storyboard */; };
		F6A301DF2674D48000358CB7 /* DefaultStockCellPresenterState.swift in Sources */ = {isa = PBXBuildFile; fileRef = F6A301DE2674D48000358CB7 /* DefaultStockCellPresenterState.swift */; };
		F6A301E32674D52000358CB7 /* RecentStockCellPresenterState.swift in Sources */ = {isa = PBXBuildFile; fileRef = F6A301E22674D52000358CB7 /* RecentStockCellPresenterState.swift */; };
		F6A513F72670BB0D000DD886 /* NetworkManager.swift in Sources */ = {isa = PBXBuildFile; fileRef = F6A513F62670BB0D000DD886 /* NetworkManager.swift */; };
		F6A513FB2670BC13000DD886 /* StockDto.swift in Sources */ = {isa = PBXBuildFile; fileRef = F6A513FA2670BC13000DD886 /* StockDto.swift */; };
		F6A513FE2670F3F8000DD886 /* ThreadSafeArray.swift in Sources */ = {isa = PBXBuildFile; fileRef = F6A513FD2670F3F8000DD886 /* ThreadSafeArray.swift */; };
		F6A81D43267212310045800E /* DeltaCounter.swift in Sources */ = {isa = PBXBuildFile; fileRef = F6A81D42267212310045800E /* DeltaCounter.swift */; };
		F6A81D9926724D5E0045800E /* Stocks.xcdatamodeld in Sources */ = {isa = PBXBuildFile; fileRef = F6A81D9726724D5E0045800E /* Stocks.xcdatamodeld */; };
		F6A81D9D267257EC0045800E /* StorageManager.swift in Sources */ = {isa = PBXBuildFile; fileRef = F6A81D9C267257EC0045800E /* StorageManager.swift */; };
		F6A81DA02672683E0045800E /* UserStorageDto.swift in Sources */ = {isa = PBXBuildFile; fileRef = F6A81D9F2672683E0045800E /* UserStorageDto.swift */; };
		F6B79ACB2675E98800B19590 /* NetworkError.swift in Sources */ = {isa = PBXBuildFile; fileRef = F6B79ACA2675E98800B19590 /* NetworkError.swift */; };
		F6B79ACF26769C8800B19590 /* SwiftSpinner in Frameworks */ = {isa = PBXBuildFile; productRef = F6B79ACE26769C8800B19590 /* SwiftSpinner */; };
		F6D30BD52677639A0076CFC3 /* SwiftMessages in Frameworks */ = {isa = PBXBuildFile; productRef = F6D30BD42677639A0076CFC3 /* SwiftMessages */; };
		F6D30BD82677702E0076CFC3 /* AlertController.swift in Sources */ = {isa = PBXBuildFile; fileRef = F6D30BD72677702E0076CFC3 /* AlertController.swift */; };
/* End PBXBuildFile section */

/* Begin PBXFileReference section */
		F6180F7C266F9FFE0070E308 /* SearchUI.swift */ = {isa = PBXFileReference; lastKnownFileType = sourcecode.swift; path = SearchUI.swift; sourceTree = "<group>"; };
		F6180F7F266FA0630070E308 /* SearchView.swift */ = {isa = PBXFileReference; lastKnownFileType = sourcecode.swift; path = SearchView.swift; sourceTree = "<group>"; };
		F6180F82266FA0A40070E308 /* SearchPresenter.swift */ = {isa = PBXFileReference; lastKnownFileType = sourcecode.swift; path = SearchPresenter.swift; sourceTree = "<group>"; };
		F6180F85266FA2860070E308 /* SearchAssembly.swift */ = {isa = PBXFileReference; lastKnownFileType = sourcecode.swift; path = SearchAssembly.swift; sourceTree = "<group>"; };
		F6180F89266FA2B60070E308 /* Navigator.swift */ = {isa = PBXFileReference; lastKnownFileType = sourcecode.swift; path = Navigator.swift; sourceTree = "<group>"; };
		F6180F8F266FA4010070E308 /* ModuleNavigationItem.swift */ = {isa = PBXFileReference; lastKnownFileType = sourcecode.swift; path = ModuleNavigationItem.swift; sourceTree = "<group>"; };
		F6180F93266FA5430070E308 /* DefaultStocks.plist */ = {isa = PBXFileReference; lastKnownFileType = text.plist.xml; path = DefaultStocks.plist; sourceTree = "<group>"; };
		F6180F97266FAB360070E308 /* StockTableViewCell.swift */ = {isa = PBXFileReference; lastKnownFileType = sourcecode.swift; path = StockTableViewCell.swift; sourceTree = "<group>"; };
		F6180F9A266FDF650070E308 /* ConfigurationReader.swift */ = {isa = PBXFileReference; lastKnownFileType = sourcecode.swift; path = ConfigurationReader.swift; sourceTree = "<group>"; };
		F6180F9D266FE8C20070E308 /* StockCellPresenter.swift */ = {isa = PBXFileReference; lastKnownFileType = sourcecode.swift; path = StockCellPresenter.swift; sourceTree = "<group>"; };
		F61C73B62674FDE700A4A7B6 /* SearchStockCellPresenterState.swift */ = {isa = PBXFileReference; lastKnownFileType = sourcecode.swift; path = SearchStockCellPresenterState.swift; sourceTree = "<group>"; };
		F61C73B92674FF3300A4A7B6 /* TickerDto.swift */ = {isa = PBXFileReference; lastKnownFileType = sourcecode.swift; path = TickerDto.swift; sourceTree = "<group>"; };
		F6615D4826734F78005D003D /* RegisterUI.swift */ = {isa = PBXFileReference; lastKnownFileType = sourcecode.swift; path = RegisterUI.swift; sourceTree = "<group>"; };
		F6615D4B26734F92005D003D /* RegisterView.swift */ = {isa = PBXFileReference; lastKnownFileType = sourcecode.swift; path = RegisterView.swift; sourceTree = "<group>"; };
		F6615D4E26734FBA005D003D /* RegisterPresenter.swift */ = {isa = PBXFileReference; lastKnownFileType = sourcecode.swift; path = RegisterPresenter.swift; sourceTree = "<group>"; };
		F6615D5126734FF4005D003D /* RegisterAssembly.swift */ = {isa = PBXFileReference; lastKnownFileType = sourcecode.swift; path = RegisterAssembly.swift; sourceTree = "<group>"; };
		F6615D54267383D7005D003D /* UserRegisterViewModel.swift */ = {isa = PBXFileReference; lastKnownFileType = sourcecode.swift; path = UserRegisterViewModel.swift; sourceTree = "<group>"; };
		F6615D5826738A67005D003D /* AuthUI.swift */ = {isa = PBXFileReference; lastKnownFileType = sourcecode.swift; path = AuthUI.swift; sourceTree = "<group>"; };
		F6615D5B26738A76005D003D /* AuthView.swift */ = {isa = PBXFileReference; lastKnownFileType = sourcecode.swift; path = AuthView.swift; sourceTree = "<group>"; };
		F6615D5E26738A86005D003D /* AuthPresenter.swift */ = {isa = PBXFileReference; lastKnownFileType = sourcecode.swift; path = AuthPresenter.swift; sourceTree = "<group>"; };
		F6615D6126738AAB005D003D /* AuthAssembly.swift */ = {isa = PBXFileReference; lastKnownFileType = sourcecode.swift; path = AuthAssembly.swift; sourceTree = "<group>"; };
		F6615D6426738BDB005D003D /* UserAuthViewModel.swift */ = {isa = PBXFileReference; lastKnownFileType = sourcecode.swift; path = UserAuthViewModel.swift; sourceTree = "<group>"; };
		F6615D6B2673C533005D003D /* AuthSecurityService.swift */ = {isa = PBXFileReference; lastKnownFileType = sourcecode.swift; path = AuthSecurityService.swift; sourceTree = "<group>"; };
		F6615D6E2673C55D005D003D /* KeychainPasswordItem.swift */ = {isa = PBXFileReference; lastKnownFileType = sourcecode.swift; path = KeychainPasswordItem.swift; sourceTree = "<group>"; };
		F6615D782673D4A3005D003D /* UserMapper.swift */ = {isa = PBXFileReference; lastKnownFileType = sourcecode.swift; path = UserMapper.swift; sourceTree = "<group>"; };
		F6615D7B2673DB07005D003D /* StockMapper.swift */ = {isa = PBXFileReference; lastKnownFileType = sourcecode.swift; path = StockMapper.swift; sourceTree = "<group>"; };
		F68BA1AB266F71520021CEA1 /* Stocks.app */ = {isa = PBXFileReference; explicitFileType = wrapper.application; includeInIndex = 0; path = Stocks.app; sourceTree = BUILT_PRODUCTS_DIR; };
		F68BA1AE266F71520021CEA1 /* AppDelegate.swift */ = {isa = PBXFileReference; lastKnownFileType = sourcecode.swift; path = AppDelegate.swift; sourceTree = "<group>"; };
		F68BA1B0266F71520021CEA1 /* SceneDelegate.swift */ = {isa = PBXFileReference; lastKnownFileType = sourcecode.swift; path = SceneDelegate.swift; sourceTree = "<group>"; };
		F68BA1B7266F71540021CEA1 /* Assets.xcassets */ = {isa = PBXFileReference; lastKnownFileType = folder.assetcatalog; path = Assets.xcassets; sourceTree = "<group>"; };
		F68BA1BA266F71540021CEA1 /* Base */ = {isa = PBXFileReference; lastKnownFileType = file.storyboard; name = Base; path = Base.lproj/LaunchScreen.storyboard; sourceTree = "<group>"; };
		F68BA1BC266F71540021CEA1 /* Info.plist */ = {isa = PBXFileReference; lastKnownFileType = text.plist.xml; path = Info.plist; sourceTree = "<group>"; };
		F6A301DE2674D48000358CB7 /* DefaultStockCellPresenterState.swift */ = {isa = PBXFileReference; lastKnownFileType = sourcecode.swift; path = DefaultStockCellPresenterState.swift; sourceTree = "<group>"; };
		F6A301E22674D52000358CB7 /* RecentStockCellPresenterState.swift */ = {isa = PBXFileReference; lastKnownFileType = sourcecode.swift; path = RecentStockCellPresenterState.swift; sourceTree = "<group>"; };
		F6A513F62670BB0D000DD886 /* NetworkManager.swift */ = {isa = PBXFileReference; lastKnownFileType = sourcecode.swift; path = NetworkManager.swift; sourceTree = "<group>"; };
		F6A513FA2670BC13000DD886 /* StockDto.swift */ = {isa = PBXFileReference; lastKnownFileType = sourcecode.swift; path = StockDto.swift; sourceTree = "<group>"; };
		F6A513FD2670F3F8000DD886 /* ThreadSafeArray.swift */ = {isa = PBXFileReference; fileEncoding = 4; lastKnownFileType = sourcecode.swift; path = ThreadSafeArray.swift; sourceTree = "<group>"; };
		F6A81D42267212310045800E /* DeltaCounter.swift */ = {isa = PBXFileReference; lastKnownFileType = sourcecode.swift; path = DeltaCounter.swift; sourceTree = "<group>"; };
		F6A81D9826724D5E0045800E /* Stocks.xcdatamodel */ = {isa = PBXFileReference; lastKnownFileType = wrapper.xcdatamodel; path = Stocks.xcdatamodel; sourceTree = "<group>"; };
		F6A81D9C267257EC0045800E /* StorageManager.swift */ = {isa = PBXFileReference; lastKnownFileType = sourcecode.swift; path = StorageManager.swift; sourceTree = "<group>"; };
		F6A81D9F2672683E0045800E /* UserStorageDto.swift */ = {isa = PBXFileReference; lastKnownFileType = sourcecode.swift; path = UserStorageDto.swift; sourceTree = "<group>"; };
		F6B79ACA2675E98800B19590 /* NetworkError.swift */ = {isa = PBXFileReference; lastKnownFileType = sourcecode.swift; path = NetworkError.swift; sourceTree = "<group>"; };
		F6D30BD72677702E0076CFC3 /* AlertController.swift */ = {isa = PBXFileReference; lastKnownFileType = sourcecode.swift; path = AlertController.swift; sourceTree = "<group>"; };
/* End PBXFileReference section */

/* Begin PBXFrameworksBuildPhase section */
		F68BA1A8266F71520021CEA1 /* Frameworks */ = {
			isa = PBXFrameworksBuildPhase;
			buildActionMask = 2147483647;
			files = (
				F6180F71266F9AAC0070E308 /* SnapKit in Frameworks */,
				F6B79ACF26769C8800B19590 /* SwiftSpinner in Frameworks */,
				F6615D732673C76E005D003D /* CryptoSwift in Frameworks */,
				F6180F75266F9B310070E308 /* Alamofire in Frameworks */,
				F6D30BD52677639A0076CFC3 /* SwiftMessages in Frameworks */,
				F6180F79266F9B500070E308 /* Swinject in Frameworks */,
			);
			runOnlyForDeploymentPostprocessing = 0;
		};
/* End PBXFrameworksBuildPhase section */

/* Begin PBXGroup section */
		F6180F6B266F98FC0070E308 /* Common */ = {
			isa = PBXGroup;
			children = (
				F6A513FD2670F3F8000DD886 /* ThreadSafeArray.swift */,
				F6615D772673D495005D003D /* Mappers */,
				F6615D6A2673C4EC005D003D /* Security */,
				F6A81D41267212010045800E /* Use-cases */,
				F6A51400267100A1000DD886 /* Configuration */,
				F6A513F92670BBFA000DD886 /* Dto */,
				F6A513F52670BAFF000DD886 /* Network */,
				F6A81D9B267257AB0045800E /* Storage */,
				F6180F96266FAB160070E308 /* Views */,
				F6180F88266FA2A90070E308 /* Navigation */,
				F6D30BD72677702E0076CFC3 /* AlertController.swift */,
			);
			path = Common;
			sourceTree = "<group>";
		};
		F6180F6C266F99060070E308 /* Modules */ = {
			isa = PBXGroup;
			children = (
				F6615D5726738912005D003D /* Auth */,
				F6615D4726734F36005D003D /* Register */,
				F6180F7B266F9FC80070E308 /* Search */,
			);
			path = Modules;
			sourceTree = "<group>";
		};
		F6180F6D266F99100070E308 /* Application */ = {
			isa = PBXGroup;
			children = (
				F68BA1AE266F71520021CEA1 /* AppDelegate.swift */,
				F68BA1B0266F71520021CEA1 /* SceneDelegate.swift */,
			);
			path = Application;
			sourceTree = "<group>";
		};
		F6180F7B266F9FC80070E308 /* Search */ = {
			isa = PBXGroup;
			children = (
				F6A301DD2674D45D00358CB7 /* StockPresenterStates */,
				F6180F7C266F9FFE0070E308 /* SearchUI.swift */,
				F6180F7F266FA0630070E308 /* SearchView.swift */,
				F6180F82266FA0A40070E308 /* SearchPresenter.swift */,
				F6180F85266FA2860070E308 /* SearchAssembly.swift */,
				F6180F9D266FE8C20070E308 /* StockCellPresenter.swift */,
				F61C73B92674FF3300A4A7B6 /* TickerDto.swift */,
			);
			path = Search;
			sourceTree = "<group>";
		};
		F6180F88266FA2A90070E308 /* Navigation */ = {
			isa = PBXGroup;
			children = (
				F6180F89266FA2B60070E308 /* Navigator.swift */,
				F6180F8F266FA4010070E308 /* ModuleNavigationItem.swift */,
			);
			path = Navigation;
			sourceTree = "<group>";
		};
		F6180F96266FAB160070E308 /* Views */ = {
			isa = PBXGroup;
			children = (
				F6180F97266FAB360070E308 /* StockTableViewCell.swift */,
			);
			path = Views;
			sourceTree = "<group>";
		};
		F6615D4726734F36005D003D /* Register */ = {
			isa = PBXGroup;
			children = (
				F6615D4826734F78005D003D /* RegisterUI.swift */,
				F6615D4B26734F92005D003D /* RegisterView.swift */,
				F6615D4E26734FBA005D003D /* RegisterPresenter.swift */,
				F6615D5126734FF4005D003D /* RegisterAssembly.swift */,
				F6615D54267383D7005D003D /* UserRegisterViewModel.swift */,
			);
			path = Register;
			sourceTree = "<group>";
		};
		F6615D5726738912005D003D /* Auth */ = {
			isa = PBXGroup;
			children = (
				F6615D5826738A67005D003D /* AuthUI.swift */,
				F6615D5B26738A76005D003D /* AuthView.swift */,
				F6615D5E26738A86005D003D /* AuthPresenter.swift */,
				F6615D6126738AAB005D003D /* AuthAssembly.swift */,
				F6615D6426738BDB005D003D /* UserAuthViewModel.swift */,
			);
			path = Auth;
			sourceTree = "<group>";
		};
		F6615D6A2673C4EC005D003D /* Security */ = {
			isa = PBXGroup;
			children = (
				F6615D6B2673C533005D003D /* AuthSecurityService.swift */,
				F6615D6E2673C55D005D003D /* KeychainPasswordItem.swift */,
			);
			path = Security;
			sourceTree = "<group>";
		};
		F6615D772673D495005D003D /* Mappers */ = {
			isa = PBXGroup;
			children = (
				F6615D782673D4A3005D003D /* UserMapper.swift */,
				F6615D7B2673DB07005D003D /* StockMapper.swift */,
			);
			path = Mappers;
			sourceTree = "<group>";
		};
		F68BA1A2266F71520021CEA1 = {
			isa = PBXGroup;
			children = (
				F68BA1AD266F71520021CEA1 /* Stocks */,
				F68BA1AC266F71520021CEA1 /* Products */,
			);
			sourceTree = "<group>";
		};
		F68BA1AC266F71520021CEA1 /* Products */ = {
			isa = PBXGroup;
			children = (
				F68BA1AB266F71520021CEA1 /* Stocks.app */,
			);
			name = Products;
			sourceTree = "<group>";
		};
		F68BA1AD266F71520021CEA1 /* Stocks */ = {
			isa = PBXGroup;
			children = (
				F6180F6D266F99100070E308 /* Application */,
				F6180F6B266F98FC0070E308 /* Common */,
				F6180F6C266F99060070E308 /* Modules */,
				F68BA1B7266F71540021CEA1 /* Assets.xcassets */,
				F68BA1B9266F71540021CEA1 /* LaunchScreen.storyboard */,
				F68BA1BC266F71540021CEA1 /* Info.plist */,
				F6180F93266FA5430070E308 /* DefaultStocks.plist */,
				F6A81D9726724D5E0045800E /* Stocks.xcdatamodeld */,
			);
			path = Stocks;
			sourceTree = "<group>";
		};
		F6A301DD2674D45D00358CB7 /* StockPresenterStates */ = {
			isa = PBXGroup;
			children = (
				F6A301DE2674D48000358CB7 /* DefaultStockCellPresenterState.swift */,
				F6A301E22674D52000358CB7 /* RecentStockCellPresenterState.swift */,
				F61C73B62674FDE700A4A7B6 /* SearchStockCellPresenterState.swift */,
			);
			path = StockPresenterStates;
			sourceTree = "<group>";
		};
		F6A513F52670BAFF000DD886 /* Network */ = {
			isa = PBXGroup;
			children = (
				F6A513F62670BB0D000DD886 /* NetworkManager.swift */,
				F6B79ACA2675E98800B19590 /* NetworkError.swift */,
			);
			path = Network;
			sourceTree = "<group>";
		};
		F6A513F92670BBFA000DD886 /* Dto */ = {
			isa = PBXGroup;
			children = (
				F6A513FA2670BC13000DD886 /* StockDto.swift */,
				F6A81D9F2672683E0045800E /* UserStorageDto.swift */,
			);
			path = Dto;
			sourceTree = "<group>";
		};
		F6A51400267100A1000DD886 /* Configuration */ = {
			isa = PBXGroup;
			children = (
				F6180F9A266FDF650070E308 /* ConfigurationReader.swift */,
			);
			path = Configuration;
			sourceTree = "<group>";
		};
		F6A81D41267212010045800E /* Use-cases */ = {
			isa = PBXGroup;
			children = (
				F6A81D42267212310045800E /* DeltaCounter.swift */,
			);
			path = "Use-cases";
			sourceTree = "<group>";
		};
		F6A81D9B267257AB0045800E /* Storage */ = {
			isa = PBXGroup;
			children = (
				F6A81D9C267257EC0045800E /* StorageManager.swift */,
			);
			path = Storage;
			sourceTree = "<group>";
		};
/* End PBXGroup section */

/* Begin PBXNativeTarget section */
		F68BA1AA266F71520021CEA1 /* Stocks */ = {
			isa = PBXNativeTarget;
			buildConfigurationList = F68BA1BF266F71540021CEA1 /* Build configuration list for PBXNativeTarget "Stocks" */;
			buildPhases = (
				F68BA1A7266F71520021CEA1 /* Sources */,
				F68BA1A8266F71520021CEA1 /* Frameworks */,
				F68BA1A9266F71520021CEA1 /* Resources */,
			);
			buildRules = (
			);
			dependencies = (
			);
			name = Stocks;
			packageProductDependencies = (
				F6180F70266F9AAC0070E308 /* SnapKit */,
				F6180F74266F9B310070E308 /* Alamofire */,
				F6180F78266F9B500070E308 /* Swinject */,
				F6615D722673C76E005D003D /* CryptoSwift */,
				F6B79ACE26769C8800B19590 /* SwiftSpinner */,
				F6D30BD42677639A0076CFC3 /* SwiftMessages */,
			);
			productName = Stocks;
			productReference = F68BA1AB266F71520021CEA1 /* Stocks.app */;
			productType = "com.apple.product-type.application";
		};
/* End PBXNativeTarget section */

/* Begin PBXProject section */
		F68BA1A3266F71520021CEA1 /* Project object */ = {
			isa = PBXProject;
			attributes = {
				LastSwiftUpdateCheck = 1240;
				LastUpgradeCheck = 1240;
				TargetAttributes = {
					F68BA1AA266F71520021CEA1 = {
						CreatedOnToolsVersion = 12.4;
					};
				};
			};
			buildConfigurationList = F68BA1A6266F71520021CEA1 /* Build configuration list for PBXProject "Stocks" */;
			compatibilityVersion = "Xcode 9.3";
			developmentRegion = en;
			hasScannedForEncodings = 0;
			knownRegions = (
				en,
				Base,
			);
			mainGroup = F68BA1A2266F71520021CEA1;
			packageReferences = (
				F6180F6F266F9AAC0070E308 /* XCRemoteSwiftPackageReference "SnapKit" */,
				F6180F73266F9B310070E308 /* XCRemoteSwiftPackageReference "Alamofire" */,
				F6180F77266F9B500070E308 /* XCRemoteSwiftPackageReference "Swinject" */,
				F6615D712673C76E005D003D /* XCRemoteSwiftPackageReference "CryptoSwift" */,
				F6B79ACD26769C8700B19590 /* XCRemoteSwiftPackageReference "SwiftSpinner" */,
				F6D30BD32677639A0076CFC3 /* XCRemoteSwiftPackageReference "SwiftMessages" */,
			);
			productRefGroup = F68BA1AC266F71520021CEA1 /* Products */;
			projectDirPath = "";
			projectRoot = "";
			targets = (
				F68BA1AA266F71520021CEA1 /* Stocks */,
			);
		};
/* End PBXProject section */

/* Begin PBXResourcesBuildPhase section */
		F68BA1A9266F71520021CEA1 /* Resources */ = {
			isa = PBXResourcesBuildPhase;
			buildActionMask = 2147483647;
			files = (
				F68BA1BB266F71540021CEA1 /* LaunchScreen.storyboard in Resources */,
				F6180F94266FA5430070E308 /* DefaultStocks.plist in Resources */,
				F68BA1B8266F71540021CEA1 /* Assets.xcassets in Resources */,
			);
			runOnlyForDeploymentPostprocessing = 0;
		};
/* End PBXResourcesBuildPhase section */

/* Begin PBXSourcesBuildPhase section */
		F68BA1A7266F71520021CEA1 /* Sources */ = {
			isa = PBXSourcesBuildPhase;
			buildActionMask = 2147483647;
			files = (
				F6A81D9D267257EC0045800E /* StorageManager.swift in Sources */,
				F6615D4C26734F92005D003D /* RegisterView.swift in Sources */,
				F6180F98266FAB360070E308 /* StockTableViewCell.swift in Sources */,
				F6A301DF2674D48000358CB7 /* DefaultStockCellPresenterState.swift in Sources */,
				F6615D4926734F78005D003D /* RegisterUI.swift in Sources */,
				F6A81DA02672683E0045800E /* UserStorageDto.swift in Sources */,
				F6615D6F2673C55D005D003D /* KeychainPasswordItem.swift in Sources */,
				F6180F9B266FDF650070E308 /* ConfigurationReader.swift in Sources */,
				F6A81D9926724D5E0045800E /* Stocks.xcdatamodeld in Sources */,
				F6615D6C2673C533005D003D /* AuthSecurityService.swift in Sources */,
				F6615D6526738BDB005D003D /* UserAuthViewModel.swift in Sources */,
				F6615D55267383D7005D003D /* UserRegisterViewModel.swift in Sources */,
				F6180F80266FA0630070E308 /* SearchView.swift in Sources */,
				F6615D5226734FF4005D003D /* RegisterAssembly.swift in Sources */,
				F6A513F72670BB0D000DD886 /* NetworkManager.swift in Sources */,
				F6A513FB2670BC13000DD886 /* StockDto.swift in Sources */,
				F6B79ACB2675E98800B19590 /* NetworkError.swift in Sources */,
				F6615D5F26738A86005D003D /* AuthPresenter.swift in Sources */,
				F6615D792673D4A3005D003D /* UserMapper.swift in Sources */,
				F6180F9E266FE8C20070E308 /* StockCellPresenter.swift in Sources */,
				F6180F83266FA0A40070E308 /* SearchPresenter.swift in Sources */,
				F6180F7D266F9FFE0070E308 /* SearchUI.swift in Sources */,
				F6615D5926738A67005D003D /* AuthUI.swift in Sources */,
				F6A301E32674D52000358CB7 /* RecentStockCellPresenterState.swift in Sources */,
				F6615D7C2673DB07005D003D /* StockMapper.swift in Sources */,
				F61C73B72674FDE700A4A7B6 /* SearchStockCellPresenterState.swift in Sources */,
				F6615D5C26738A76005D003D /* AuthView.swift in Sources */,
				F6180F90266FA4010070E308 /* ModuleNavigationItem.swift in Sources */,
				F6D30BD82677702E0076CFC3 /* AlertController.swift in Sources */,
				F6180F86266FA2860070E308 /* SearchAssembly.swift in Sources */,
				F6A81D43267212310045800E /* DeltaCounter.swift in Sources */,
				F6615D6226738AAB005D003D /* AuthAssembly.swift in Sources */,
				F6615D4F26734FBA005D003D /* RegisterPresenter.swift in Sources */,
				F61C73BA2674FF3300A4A7B6 /* TickerDto.swift in Sources */,
				F6180F8A266FA2B60070E308 /* Navigator.swift in Sources */,
				F68BA1AF266F71520021CEA1 /* AppDelegate.swift in Sources */,
				F6A513FE2670F3F8000DD886 /* ThreadSafeArray.swift in Sources */,
				F68BA1B1266F71520021CEA1 /* SceneDelegate.swift in Sources */,
			);
			runOnlyForDeploymentPostprocessing = 0;
		};
/* End PBXSourcesBuildPhase section */

/* Begin PBXVariantGroup section */
		F68BA1B9266F71540021CEA1 /* LaunchScreen.storyboard */ = {
			isa = PBXVariantGroup;
			children = (
				F68BA1BA266F71540021CEA1 /* Base */,
			);
			name = LaunchScreen.storyboard;
			sourceTree = "<group>";
		};
/* End PBXVariantGroup section */

/* Begin XCBuildConfiguration section */
		F68BA1BD266F71540021CEA1 /* Debug */ = {
			isa = XCBuildConfiguration;
			buildSettings = {
				ALWAYS_SEARCH_USER_PATHS = NO;
				CLANG_ANALYZER_NONNULL = YES;
				CLANG_ANALYZER_NUMBER_OBJECT_CONVERSION = YES_AGGRESSIVE;
				CLANG_CXX_LANGUAGE_STANDARD = "gnu++14";
				CLANG_CXX_LIBRARY = "libc++";
				CLANG_ENABLE_MODULES = YES;
				CLANG_ENABLE_OBJC_ARC = YES;
				CLANG_ENABLE_OBJC_WEAK = YES;
				CLANG_WARN_BLOCK_CAPTURE_AUTORELEASING = YES;
				CLANG_WARN_BOOL_CONVERSION = YES;
				CLANG_WARN_COMMA = YES;
				CLANG_WARN_CONSTANT_CONVERSION = YES;
				CLANG_WARN_DEPRECATED_OBJC_IMPLEMENTATIONS = YES;
				CLANG_WARN_DIRECT_OBJC_ISA_USAGE = YES_ERROR;
				CLANG_WARN_DOCUMENTATION_COMMENTS = YES;
				CLANG_WARN_EMPTY_BODY = YES;
				CLANG_WARN_ENUM_CONVERSION = YES;
				CLANG_WARN_INFINITE_RECURSION = YES;
				CLANG_WARN_INT_CONVERSION = YES;
				CLANG_WARN_NON_LITERAL_NULL_CONVERSION = YES;
				CLANG_WARN_OBJC_IMPLICIT_RETAIN_SELF = YES;
				CLANG_WARN_OBJC_LITERAL_CONVERSION = YES;
				CLANG_WARN_OBJC_ROOT_CLASS = YES_ERROR;
				CLANG_WARN_QUOTED_INCLUDE_IN_FRAMEWORK_HEADER = YES;
				CLANG_WARN_RANGE_LOOP_ANALYSIS = YES;
				CLANG_WARN_STRICT_PROTOTYPES = YES;
				CLANG_WARN_SUSPICIOUS_MOVE = YES;
				CLANG_WARN_UNGUARDED_AVAILABILITY = YES_AGGRESSIVE;
				CLANG_WARN_UNREACHABLE_CODE = YES;
				CLANG_WARN__DUPLICATE_METHOD_MATCH = YES;
				COPY_PHASE_STRIP = NO;
				DEBUG_INFORMATION_FORMAT = dwarf;
				ENABLE_STRICT_OBJC_MSGSEND = YES;
				ENABLE_TESTABILITY = YES;
				GCC_C_LANGUAGE_STANDARD = gnu11;
				GCC_DYNAMIC_NO_PIC = NO;
				GCC_NO_COMMON_BLOCKS = YES;
				GCC_OPTIMIZATION_LEVEL = 0;
				GCC_PREPROCESSOR_DEFINITIONS = (
					"DEBUG=1",
					"$(inherited)",
				);
				GCC_WARN_64_TO_32_BIT_CONVERSION = YES;
				GCC_WARN_ABOUT_RETURN_TYPE = YES_ERROR;
				GCC_WARN_UNDECLARED_SELECTOR = YES;
				GCC_WARN_UNINITIALIZED_AUTOS = YES_AGGRESSIVE;
				GCC_WARN_UNUSED_FUNCTION = YES;
				GCC_WARN_UNUSED_VARIABLE = YES;
				IPHONEOS_DEPLOYMENT_TARGET = 14.4;
				MTL_ENABLE_DEBUG_INFO = INCLUDE_SOURCE;
				MTL_FAST_MATH = YES;
				ONLY_ACTIVE_ARCH = YES;
				SDKROOT = iphoneos;
				SWIFT_ACTIVE_COMPILATION_CONDITIONS = DEBUG;
				SWIFT_OPTIMIZATION_LEVEL = "-Onone";
			};
			name = Debug;
		};
		F68BA1BE266F71540021CEA1 /* Release */ = {
			isa = XCBuildConfiguration;
			buildSettings = {
				ALWAYS_SEARCH_USER_PATHS = NO;
				CLANG_ANALYZER_NONNULL = YES;
				CLANG_ANALYZER_NUMBER_OBJECT_CONVERSION = YES_AGGRESSIVE;
				CLANG_CXX_LANGUAGE_STANDARD = "gnu++14";
				CLANG_CXX_LIBRARY = "libc++";
				CLANG_ENABLE_MODULES = YES;
				CLANG_ENABLE_OBJC_ARC = YES;
				CLANG_ENABLE_OBJC_WEAK = YES;
				CLANG_WARN_BLOCK_CAPTURE_AUTORELEASING = YES;
				CLANG_WARN_BOOL_CONVERSION = YES;
				CLANG_WARN_COMMA = YES;
				CLANG_WARN_CONSTANT_CONVERSION = YES;
				CLANG_WARN_DEPRECATED_OBJC_IMPLEMENTATIONS = YES;
				CLANG_WARN_DIRECT_OBJC_ISA_USAGE = YES_ERROR;
				CLANG_WARN_DOCUMENTATION_COMMENTS = YES;
				CLANG_WARN_EMPTY_BODY = YES;
				CLANG_WARN_ENUM_CONVERSION = YES;
				CLANG_WARN_INFINITE_RECURSION = YES;
				CLANG_WARN_INT_CONVERSION = YES;
				CLANG_WARN_NON_LITERAL_NULL_CONVERSION = YES;
				CLANG_WARN_OBJC_IMPLICIT_RETAIN_SELF = YES;
				CLANG_WARN_OBJC_LITERAL_CONVERSION = YES;
				CLANG_WARN_OBJC_ROOT_CLASS = YES_ERROR;
				CLANG_WARN_QUOTED_INCLUDE_IN_FRAMEWORK_HEADER = YES;
				CLANG_WARN_RANGE_LOOP_ANALYSIS = YES;
				CLANG_WARN_STRICT_PROTOTYPES = YES;
				CLANG_WARN_SUSPICIOUS_MOVE = YES;
				CLANG_WARN_UNGUARDED_AVAILABILITY = YES_AGGRESSIVE;
				CLANG_WARN_UNREACHABLE_CODE = YES;
				CLANG_WARN__DUPLICATE_METHOD_MATCH = YES;
				COPY_PHASE_STRIP = NO;
				DEBUG_INFORMATION_FORMAT = "dwarf-with-dsym";
				ENABLE_NS_ASSERTIONS = NO;
				ENABLE_STRICT_OBJC_MSGSEND = YES;
				GCC_C_LANGUAGE_STANDARD = gnu11;
				GCC_NO_COMMON_BLOCKS = YES;
				GCC_WARN_64_TO_32_BIT_CONVERSION = YES;
				GCC_WARN_ABOUT_RETURN_TYPE = YES_ERROR;
				GCC_WARN_UNDECLARED_SELECTOR = YES;
				GCC_WARN_UNINITIALIZED_AUTOS = YES_AGGRESSIVE;
				GCC_WARN_UNUSED_FUNCTION = YES;
				GCC_WARN_UNUSED_VARIABLE = YES;
				IPHONEOS_DEPLOYMENT_TARGET = 14.4;
				MTL_ENABLE_DEBUG_INFO = NO;
				MTL_FAST_MATH = YES;
				SDKROOT = iphoneos;
				SWIFT_COMPILATION_MODE = wholemodule;
				SWIFT_OPTIMIZATION_LEVEL = "-O";
				VALIDATE_PRODUCT = YES;
			};
			name = Release;
		};
		F68BA1C0266F71540021CEA1 /* Debug */ = {
			isa = XCBuildConfiguration;
			buildSettings = {
				ASSETCATALOG_COMPILER_APPICON_NAME = AppIcon;
				ASSETCATALOG_COMPILER_GLOBAL_ACCENT_COLOR_NAME = AccentColor;
				CODE_SIGN_STYLE = Automatic;
				DEVELOPMENT_TEAM = HD8574344G;
				INFOPLIST_FILE = Stocks/Info.plist;
				LD_RUNPATH_SEARCH_PATHS = (
					"$(inherited)",
					"@executable_path/Frameworks",
				);
				PRODUCT_BUNDLE_IDENTIFIER = nikitagusev.Stocks;
				PRODUCT_NAME = "$(TARGET_NAME)";
				SWIFT_VERSION = 5.0;
				TARGETED_DEVICE_FAMILY = "1,2";
			};
			name = Debug;
		};
		F68BA1C1266F71540021CEA1 /* Release */ = {
			isa = XCBuildConfiguration;
			buildSettings = {
				ASSETCATALOG_COMPILER_APPICON_NAME = AppIcon;
				ASSETCATALOG_COMPILER_GLOBAL_ACCENT_COLOR_NAME = AccentColor;
				CODE_SIGN_STYLE = Automatic;
				DEVELOPMENT_TEAM = HD8574344G;
				INFOPLIST_FILE = Stocks/Info.plist;
				LD_RUNPATH_SEARCH_PATHS = (
					"$(inherited)",
					"@executable_path/Frameworks",
				);
				PRODUCT_BUNDLE_IDENTIFIER = nikitagusev.Stocks;
				PRODUCT_NAME = "$(TARGET_NAME)";
				SWIFT_VERSION = 5.0;
				TARGETED_DEVICE_FAMILY = "1,2";
			};
			name = Release;
		};
/* End XCBuildConfiguration section */

/* Begin XCConfigurationList section */
		F68BA1A6266F71520021CEA1 /* Build configuration list for PBXProject "Stocks" */ = {
			isa = XCConfigurationList;
			buildConfigurations = (
				F68BA1BD266F71540021CEA1 /* Debug */,
				F68BA1BE266F71540021CEA1 /* Release */,
			);
			defaultConfigurationIsVisible = 0;
			defaultConfigurationName = Release;
		};
		F68BA1BF266F71540021CEA1 /* Build configuration list for PBXNativeTarget "Stocks" */ = {
			isa = XCConfigurationList;
			buildConfigurations = (
				F68BA1C0266F71540021CEA1 /* Debug */,
				F68BA1C1266F71540021CEA1 /* Release */,
			);
			defaultConfigurationIsVisible = 0;
			defaultConfigurationName = Release;
		};
/* End XCConfigurationList section */

/* Begin XCRemoteSwiftPackageReference section */
		F6180F6F266F9AAC0070E308 /* XCRemoteSwiftPackageReference "SnapKit" */ = {
			isa = XCRemoteSwiftPackageReference;
			repositoryURL = "https://github.com/SnapKit/SnapKit.git";
			requirement = {
				kind = upToNextMajorVersion;
				minimumVersion = 5.0.1;
			};
		};
		F6180F73266F9B310070E308 /* XCRemoteSwiftPackageReference "Alamofire" */ = {
			isa = XCRemoteSwiftPackageReference;
			repositoryURL = "https://github.com/Alamofire/Alamofire.git";
			requirement = {
				kind = upToNextMajorVersion;
				minimumVersion = 5.4.3;
			};
		};
		F6180F77266F9B500070E308 /* XCRemoteSwiftPackageReference "Swinject" */ = {
			isa = XCRemoteSwiftPackageReference;
			repositoryURL = "https://github.com/Swinject/Swinject.git";
			requirement = {
				kind = upToNextMajorVersion;
				minimumVersion = 2.7.1;
			};
		};
		F6615D712673C76E005D003D /* XCRemoteSwiftPackageReference "CryptoSwift" */ = {
			isa = XCRemoteSwiftPackageReference;
			repositoryURL = "https://github.com/krzyzanowskim/CryptoSwift.git";
			requirement = {
				kind = upToNextMajorVersion;
				minimumVersion = 1.4.0;
			};
		};
		F6B79ACD26769C8700B19590 /* XCRemoteSwiftPackageReference "SwiftSpinner" */ = {
			isa = XCRemoteSwiftPackageReference;
			repositoryURL = "https://github.com/icanzilb/SwiftSpinner";
			requirement = {
				kind = upToNextMajorVersion;
				minimumVersion = 2.2.0;
			};
		};
		F6D30BD32677639A0076CFC3 /* XCRemoteSwiftPackageReference "SwiftMessages" */ = {
			isa = XCRemoteSwiftPackageReference;
			repositoryURL = "https://github.com/SwiftKickMobile/SwiftMessages";
			requirement = {
				kind = upToNextMajorVersion;
				minimumVersion = 9.0.2;
			};
		};
/* End XCRemoteSwiftPackageReference section */

/* Begin XCSwiftPackageProductDependency section */
		F6180F70266F9AAC0070E308 /* SnapKit */ = {
			isa = XCSwiftPackageProductDependency;
			package = F6180F6F266F9AAC0070E308 /* XCRemoteSwiftPackageReference "SnapKit" */;
			productName = SnapKit;
		};
		F6180F74266F9B310070E308 /* Alamofire */ = {
			isa = XCSwiftPackageProductDependency;
			package = F6180F73266F9B310070E308 /* XCRemoteSwiftPackageReference "Alamofire" */;
			productName = Alamofire;
		};
		F6180F78266F9B500070E308 /* Swinject */ = {
			isa = XCSwiftPackageProductDependency;
			package = F6180F77266F9B500070E308 /* XCRemoteSwiftPackageReference "Swinject" */;
			productName = Swinject;
		};
		F6615D722673C76E005D003D /* CryptoSwift */ = {
			isa = XCSwiftPackageProductDependency;
			package = F6615D712673C76E005D003D /* XCRemoteSwiftPackageReference "CryptoSwift" */;
			productName = CryptoSwift;
		};
		F6B79ACE26769C8800B19590 /* SwiftSpinner */ = {
			isa = XCSwiftPackageProductDependency;
			package = F6B79ACD26769C8700B19590 /* XCRemoteSwiftPackageReference "SwiftSpinner" */;
			productName = SwiftSpinner;
		};
		F6D30BD42677639A0076CFC3 /* SwiftMessages */ = {
			isa = XCSwiftPackageProductDependency;
			package = F6D30BD32677639A0076CFC3 /* XCRemoteSwiftPackageReference "SwiftMessages" */;
			productName = SwiftMessages;
		};
/* End XCSwiftPackageProductDependency section */

/* Begin XCVersionGroup section */
		F6A81D9726724D5E0045800E /* Stocks.xcdatamodeld */ = {
			isa = XCVersionGroup;
			children = (
				F6A81D9826724D5E0045800E /* Stocks.xcdatamodel */,
			);
			currentVersion = F6A81D9826724D5E0045800E /* Stocks.xcdatamodel */;
			path = Stocks.xcdatamodeld;
			sourceTree = "<group>";
			versionGroupType = wrapper.xcdatamodel;
		};
/* End XCVersionGroup section */
	};
	rootObject = F68BA1A3266F71520021CEA1 /* Project object */;
}
